
Microsoft Visual Studio Solution File, Format Version 12.00
# Visual Studio 15
VisualStudioVersion = 15.0.28010.2041
MinimumVisualStudioVersion = 10.0.40219.1
Project("{8BC9CEB8-8B4A-11D0-8D11-00A0C91BC942}") = "HW8_2", "HW8_2\HW8_2.vcxproj", "{12AE1307-C431-47B6-A890-1CE7DB4790B9}"
EndProject
Global
	GlobalSection(SolutionConfigurationPlatforms) = preSolution
		Debug|x64 = Debug|x64
		Debug|x86 = Debug|x86
		Release|x64 = Release|x64
		Release|x86 = Release|x86
	EndGlobalSection
	GlobalSection(ProjectConfigurationPlatforms) = postSolution
		{12AE1307-C431-47B6-A890-1CE7DB4790B9}.Debug|x64.ActiveCfg = Debug|x64
		{12AE1307-C431-47B6-A890-1CE7DB4790B9}.Debug|x64.Build.0 = Debug|x64
		{12AE1307-C431-47B6-A890-1CE7DB4790B9}.Debug|x86.ActiveCfg = Debug|Win32
		{12AE1307-C431-47B6-A890-1CE7DB4790B9}.Debug|x86.Build.0 = Debug|Win32
		{12AE1307-C431-47B6-A890-1CE7DB4790B9}.Release|x64.ActiveCfg = Release|x64
		{12AE1307-C431-47B6-A890-1CE7DB4790B9}.Release|x64.Build.0 = Release|x64
		{12AE1307-C431-47B6-A890-1CE7DB4790B9}.Release|x86.ActiveCfg = Release|Win32
		{12AE1307-C431-47B6-A890-1CE7DB4790B9}.Release|x86.Build.0 = Release|Win32
	EndGlobalSection
	GlobalSection(SolutionProperties) = preSolution
		HideSolutionNode = FALSE
	EndGlobalSection
	GlobalSection(ExtensibilityGlobals) = postSolution
		SolutionGuid = {FE1A1773-1859-4072-9D47-9A5A4B168D0B}
	EndGlobalSection
EndGlobal
