
Microsoft Visual Studio Solution File, Format Version 12.00
# Visual Studio 15
VisualStudioVersion = 15.0.28010.2019
MinimumVisualStudioVersion = 10.0.40219.1
Project("{8BC9CEB8-8B4A-11D0-8D11-00A0C91BC942}") = "HW3", "HW3\HW3.vcxproj", "{8924EF1E-519E-4C57-B1B6-DC6464D862A5}"
EndProject
Global
	GlobalSection(SolutionConfigurationPlatforms) = preSolution
		Debug|x64 = Debug|x64
		Debug|x86 = Debug|x86
		Release|x64 = Release|x64
		Release|x86 = Release|x86
	EndGlobalSection
	GlobalSection(ProjectConfigurationPlatforms) = postSolution
		{8924EF1E-519E-4C57-B1B6-DC6464D862A5}.Debug|x64.ActiveCfg = Debug|x64
		{8924EF1E-519E-4C57-B1B6-DC6464D862A5}.Debug|x64.Build.0 = Debug|x64
		{8924EF1E-519E-4C57-B1B6-DC6464D862A5}.Debug|x86.ActiveCfg = Debug|Win32
		{8924EF1E-519E-4C57-B1B6-DC6464D862A5}.Debug|x86.Build.0 = Debug|Win32
		{8924EF1E-519E-4C57-B1B6-DC6464D862A5}.Release|x64.ActiveCfg = Release|x64
		{8924EF1E-519E-4C57-B1B6-DC6464D862A5}.Release|x64.Build.0 = Release|x64
		{8924EF1E-519E-4C57-B1B6-DC6464D862A5}.Release|x86.ActiveCfg = Release|Win32
		{8924EF1E-519E-4C57-B1B6-DC6464D862A5}.Release|x86.Build.0 = Release|Win32
	EndGlobalSection
	GlobalSection(SolutionProperties) = preSolution
		HideSolutionNode = FALSE
	EndGlobalSection
	GlobalSection(ExtensibilityGlobals) = postSolution
		SolutionGuid = {BBF54B7A-438B-4B12-ACE1-761288B1C271}
	EndGlobalSection
EndGlobal
